
Microsoft Visual Studio Solution File, Format Version 11.00
# Visual Studio 2010
Project("{FAE04EC0-301F-11D3-BF4B-00C04F79EFBC}") = "AccountingSystem", "AccountingSystem\AccountingSystem.csproj", "{F4C148F9-110E-41BF-B71F-25B0FF754F33}"
EndProject
Project("{FAE04EC0-301F-11D3-BF4B-00C04F79EFBC}") = "DAL", "DAL\DAL.csproj", "{46B62962-A1F4-4437-A385-1ECA1A5FC2F8}"
EndProject
Project("{FAE04EC0-301F-11D3-BF4B-00C04F79EFBC}") = "BLL", "BLL\BLL.csproj", "{AC38A01F-5B8E-40E5-BC7A-2695E5285F49}"
EndProject
Global
	GlobalSection(SolutionConfigurationPlatforms) = preSolution
		Debug|Any CPU = Debug|Any CPU
		Debug|Mixed Platforms = Debug|Mixed Platforms
		Debug|x86 = Debug|x86
		Release|Any CPU = Release|Any CPU
		Release|Mixed Platforms = Release|Mixed Platforms
		Release|x86 = Release|x86
	EndGlobalSection
	GlobalSection(ProjectConfigurationPlatforms) = postSolution
		{F4C148F9-110E-41BF-B71F-25B0FF754F33}.Debug|Any CPU.ActiveCfg = Debug|x86
		{F4C148F9-110E-41BF-B71F-25B0FF754F33}.Debug|Mixed Platforms.ActiveCfg = Debug|x86
		{F4C148F9-110E-41BF-B71F-25B0FF754F33}.Debug|Mixed Platforms.Build.0 = Debug|x86
		{F4C148F9-110E-41BF-B71F-25B0FF754F33}.Debug|x86.ActiveCfg = Debug|x86
		{F4C148F9-110E-41BF-B71F-25B0FF754F33}.Debug|x86.Build.0 = Debug|x86
		{F4C148F9-110E-41BF-B71F-25B0FF754F33}.Release|Any CPU.ActiveCfg = Release|x86
		{F4C148F9-110E-41BF-B71F-25B0FF754F33}.Release|Mixed Platforms.ActiveCfg = Release|x86
		{F4C148F9-110E-41BF-B71F-25B0FF754F33}.Release|Mixed Platforms.Build.0 = Release|x86
		{F4C148F9-110E-41BF-B71F-25B0FF754F33}.Release|x86.ActiveCfg = Release|x86
		{F4C148F9-110E-41BF-B71F-25B0FF754F33}.Release|x86.Build.0 = Release|x86
		{46B62962-A1F4-4437-A385-1ECA1A5FC2F8}.Debug|Any CPU.ActiveCfg = Debug|Any CPU
		{46B62962-A1F4-4437-A385-1ECA1A5FC2F8}.Debug|Any CPU.Build.0 = Debug|Any CPU
		{46B62962-A1F4-4437-A385-1ECA1A5FC2F8}.Debug|Mixed Platforms.ActiveCfg = Debug|Any CPU
		{46B62962-A1F4-4437-A385-1ECA1A5FC2F8}.Debug|Mixed Platforms.Build.0 = Debug|Any CPU
		{46B62962-A1F4-4437-A385-1ECA1A5FC2F8}.Debug|x86.ActiveCfg = Debug|Any CPU
		{46B62962-A1F4-4437-A385-1ECA1A5FC2F8}.Release|Any CPU.ActiveCfg = Release|Any CPU
		{46B62962-A1F4-4437-A385-1ECA1A5FC2F8}.Release|Any CPU.Build.0 = Release|Any CPU
		{46B62962-A1F4-4437-A385-1ECA1A5FC2F8}.Release|Mixed Platforms.ActiveCfg = Release|Any CPU
		{46B62962-A1F4-4437-A385-1ECA1A5FC2F8}.Release|Mixed Platforms.Build.0 = Release|Any CPU
		{46B62962-A1F4-4437-A385-1ECA1A5FC2F8}.Release|x86.ActiveCfg = Release|Any CPU
		{AC38A01F-5B8E-40E5-BC7A-2695E5285F49}.Debug|Any CPU.ActiveCfg = Debug|Any CPU
		{AC38A01F-5B8E-40E5-BC7A-2695E5285F49}.Debug|Any CPU.Build.0 = Debug|Any CPU
		{AC38A01F-5B8E-40E5-BC7A-2695E5285F49}.Debug|Mixed Platforms.ActiveCfg = Debug|Any CPU
		{AC38A01F-5B8E-40E5-BC7A-2695E5285F49}.Debug|Mixed Platforms.Build.0 = Debug|Any CPU
		{AC38A01F-5B8E-40E5-BC7A-2695E5285F49}.Debug|x86.ActiveCfg = Debug|Any CPU
		{AC38A01F-5B8E-40E5-BC7A-2695E5285F49}.Release|Any CPU.ActiveCfg = Release|Any CPU
		{AC38A01F-5B8E-40E5-BC7A-2695E5285F49}.Release|Any CPU.Build.0 = Release|Any CPU
		{AC38A01F-5B8E-40E5-BC7A-2695E5285F49}.Release|Mixed Platforms.ActiveCfg = Release|Any CPU
		{AC38A01F-5B8E-40E5-BC7A-2695E5285F49}.Release|Mixed Platforms.Build.0 = Release|Any CPU
		{AC38A01F-5B8E-40E5-BC7A-2695E5285F49}.Release|x86.ActiveCfg = Release|Any CPU
	EndGlobalSection
	GlobalSection(SolutionProperties) = preSolution
		HideSolutionNode = FALSE
	EndGlobalSection
EndGlobal
